
Microsoft Visual Studio Solution File, Format Version 12.00
# Visual Studio 2013
VisualStudioVersion = 12.0.31101.0
MinimumVisualStudioVersion = 10.0.40219.1
Project("{FAE04EC0-301F-11D3-BF4B-00C04F79EFBC}") = "Domain", "Domain\Domain.csproj", "{29F752E5-27B5-4163-A2A0-32D050F92ED1}"
EndProject
Project("{FAE04EC0-301F-11D3-BF4B-00C04F79EFBC}") = "DataTransferObjects", "DataTransferObjects\DataTransferObjects.csproj", "{8566A69A-5647-4735-8CE2-AF687E895868}"
EndProject
Project("{2150E333-8FDC-42A3-9474-1A3956D46DE8}") = "Tests", "Tests", "{F085C0BE-E7AB-4501-AC10-21312895BEFE}"
EndProject
Project("{2150E333-8FDC-42A3-9474-1A3956D46DE8}") = "Mapping", "Mapping", "{E8AE5184-8FAF-4583-BCA6-59F0000A30FA}"
EndProject
Project("{2150E333-8FDC-42A3-9474-1A3956D46DE8}") = "Stuff", "Stuff", "{6523EFB4-EC27-444D-8135-4C834FFD7665}"
EndProject
Project("{2150E333-8FDC-42A3-9474-1A3956D46DE8}") = ".nuget", ".nuget", "{CA2E46CC-D56B-4C6B-8370-1D12DCF035BA}"
	ProjectSection(SolutionItems) = preProject
		.nuget\NuGet.Config = .nuget\NuGet.Config
		.nuget\NuGet.exe = .nuget\NuGet.exe
		.nuget\NuGet.targets = .nuget\NuGet.targets
	EndProjectSection
EndProject
Project("{FAE04EC0-301F-11D3-BF4B-00C04F79EFBC}") = "Mapper.Tests", "Mapper.Tests\Mapper.Tests.csproj", "{BB1ADDF1-F44B-41A5-8776-81CDC5D2569F}"
EndProject
Project("{FAE04EC0-301F-11D3-BF4B-00C04F79EFBC}") = "Mapping", "Mapping\Mapping.csproj", "{17C2CC42-2D8F-444A-88F7-ADF1E15F01DA}"
EndProject
Project("{FAE04EC0-301F-11D3-BF4B-00C04F79EFBC}") = "Demo.Tests", "Demo.Tests\Demo.Tests.csproj", "{3949D7EB-FADD-4D73-8BD1-5CC71F6A2F28}"
EndProject
Global
	GlobalSection(SolutionConfigurationPlatforms) = preSolution
		Debug|Any CPU = Debug|Any CPU
		Release|Any CPU = Release|Any CPU
	EndGlobalSection
	GlobalSection(ProjectConfigurationPlatforms) = postSolution
		{29F752E5-27B5-4163-A2A0-32D050F92ED1}.Debug|Any CPU.ActiveCfg = Debug|Any CPU
		{29F752E5-27B5-4163-A2A0-32D050F92ED1}.Debug|Any CPU.Build.0 = Debug|Any CPU
		{29F752E5-27B5-4163-A2A0-32D050F92ED1}.Release|Any CPU.ActiveCfg = Release|Any CPU
		{29F752E5-27B5-4163-A2A0-32D050F92ED1}.Release|Any CPU.Build.0 = Release|Any CPU
		{8566A69A-5647-4735-8CE2-AF687E895868}.Debug|Any CPU.ActiveCfg = Debug|Any CPU
		{8566A69A-5647-4735-8CE2-AF687E895868}.Debug|Any CPU.Build.0 = Debug|Any CPU
		{8566A69A-5647-4735-8CE2-AF687E895868}.Release|Any CPU.ActiveCfg = Release|Any CPU
		{8566A69A-5647-4735-8CE2-AF687E895868}.Release|Any CPU.Build.0 = Release|Any CPU
		{BB1ADDF1-F44B-41A5-8776-81CDC5D2569F}.Debug|Any CPU.ActiveCfg = Debug|Any CPU
		{BB1ADDF1-F44B-41A5-8776-81CDC5D2569F}.Debug|Any CPU.Build.0 = Debug|Any CPU
		{BB1ADDF1-F44B-41A5-8776-81CDC5D2569F}.Release|Any CPU.ActiveCfg = Release|Any CPU
		{BB1ADDF1-F44B-41A5-8776-81CDC5D2569F}.Release|Any CPU.Build.0 = Release|Any CPU
		{17C2CC42-2D8F-444A-88F7-ADF1E15F01DA}.Debug|Any CPU.ActiveCfg = Debug|Any CPU
		{17C2CC42-2D8F-444A-88F7-ADF1E15F01DA}.Debug|Any CPU.Build.0 = Debug|Any CPU
		{17C2CC42-2D8F-444A-88F7-ADF1E15F01DA}.Release|Any CPU.ActiveCfg = Release|Any CPU
		{17C2CC42-2D8F-444A-88F7-ADF1E15F01DA}.Release|Any CPU.Build.0 = Release|Any CPU
		{3949D7EB-FADD-4D73-8BD1-5CC71F6A2F28}.Debug|Any CPU.ActiveCfg = Debug|Any CPU
		{3949D7EB-FADD-4D73-8BD1-5CC71F6A2F28}.Debug|Any CPU.Build.0 = Debug|Any CPU
		{3949D7EB-FADD-4D73-8BD1-5CC71F6A2F28}.Release|Any CPU.ActiveCfg = Release|Any CPU
		{3949D7EB-FADD-4D73-8BD1-5CC71F6A2F28}.Release|Any CPU.Build.0 = Release|Any CPU
	EndGlobalSection
	GlobalSection(SolutionProperties) = preSolution
		HideSolutionNode = FALSE
	EndGlobalSection
	GlobalSection(NestedProjects) = preSolution
		{29F752E5-27B5-4163-A2A0-32D050F92ED1} = {6523EFB4-EC27-444D-8135-4C834FFD7665}
		{8566A69A-5647-4735-8CE2-AF687E895868} = {6523EFB4-EC27-444D-8135-4C834FFD7665}
		{BB1ADDF1-F44B-41A5-8776-81CDC5D2569F} = {F085C0BE-E7AB-4501-AC10-21312895BEFE}
		{17C2CC42-2D8F-444A-88F7-ADF1E15F01DA} = {E8AE5184-8FAF-4583-BCA6-59F0000A30FA}
		{3949D7EB-FADD-4D73-8BD1-5CC71F6A2F28} = {F085C0BE-E7AB-4501-AC10-21312895BEFE}
	EndGlobalSection
EndGlobal
